
Microsoft Visual Studio Solution File, Format Version 12.00
# Visual Studio Version 17
VisualStudioVersion = 17.6.33829.357
MinimumVisualStudioVersion = 10.0.40219.1
Project("{FAE04EC0-301F-11D3-BF4B-00C04F79EFBC}") = "LeaderBoard", "LeaderBoard\LeaderBoard.csproj", "{83437733-EAB1-4DFB-B7F6-8695641A5841}"
EndProject
Global
	GlobalSection(SolutionConfigurationPlatforms) = preSolution
		Debug|Any CPU = Debug|Any CPU
		Release|Any CPU = Release|Any CPU
	EndGlobalSection
	GlobalSection(ProjectConfigurationPlatforms) = postSolution
		{83437733-EAB1-4DFB-B7F6-8695641A5841}.Debug|Any CPU.ActiveCfg = Debug|Any CPU
		{83437733-EAB1-4DFB-B7F6-8695641A5841}.Debug|Any CPU.Build.0 = Debug|Any CPU
		{83437733-EAB1-4DFB-B7F6-8695641A5841}.Release|Any CPU.ActiveCfg = Release|Any CPU
		{83437733-EAB1-4DFB-B7F6-8695641A5841}.Release|Any CPU.Build.0 = Release|Any CPU
	EndGlobalSection
	GlobalSection(SolutionProperties) = preSolution
		HideSolutionNode = FALSE
	EndGlobalSection
	GlobalSection(ExtensibilityGlobals) = postSolution
		SolutionGuid = {C7D15C73-DB3A-4866-BBE6-BCA8BCE7D7E6}
	EndGlobalSection
EndGlobal
